// !$*UTF8*$!
{
	archiveVersion = 1;
	classes = {
	};
	objectVersion = 48;
	objects = {

/* Begin PBXBuildFile section */
		6BE12BD220F7A9CB008C7468 /* AppDelegate.swift in Sources */ = {isa = PBXBuildFile; fileRef = 6BE12BD120F7A9CB008C7468 /* AppDelegate.swift */; };
		6BE12BD720F7A9CB008C7468 /* Main.storyboard in Resources */ = {isa = PBXBuildFile; fileRef = 6BE12BD520F7A9CB008C7468 /* Main.storyboard */; };
		6BE12BD920F7A9CB008C7468 /* Assets.xcassets in Resources */ = {isa = PBXBuildFile; fileRef = 6BE12BD820F7A9CB008C7468 /* Assets.xcassets */; };
		6BE12BDC20F7A9CB008C7468 /* LaunchScreen.storyboard in Resources */ = {isa = PBXBuildFile; fileRef = 6BE12BDA20F7A9CB008C7468 /* LaunchScreen.storyboard */; };
		6BE12BE420F7AA37008C7468 /* FeedNewsListViewController.swift in Sources */ = {isa = PBXBuildFile; fileRef = 6BE12BE320F7AA37008C7468 /* FeedNewsListViewController.swift */; };
		6BE12BE620F8EAE6008C7468 /* PhotoConfig.swift in Sources */ = {isa = PBXBuildFile; fileRef = 6BE12BE520F8EAE6008C7468 /* PhotoConfig.swift */; };
		6BE12BE920F8EE7A008C7468 /* FeedsTableViewCell.swift in Sources */ = {isa = PBXBuildFile; fileRef = 6BE12BE720F8EE7A008C7468 /* FeedsTableViewCell.swift */; };
		6BE12BEA20F8EE7A008C7468 /* FeedsTableViewCell.xib in Resources */ = {isa = PBXBuildFile; fileRef = 6BE12BE820F8EE7A008C7468 /* FeedsTableViewCell.xib */; };
		6BE12BED20F8FD44008C7468 /* Feed.swift in Sources */ = {isa = PBXBuildFile; fileRef = 6BE12BEC20F8FD44008C7468 /* Feed.swift */; };
		6BE12BEF20F8FDED008C7468 /* MemberConfig.swift in Sources */ = {isa = PBXBuildFile; fileRef = 6BE12BEE20F8FDED008C7468 /* MemberConfig.swift */; };
		6BE12BF220F900BC008C7468 /* MemberTableViewCell.swift in Sources */ = {isa = PBXBuildFile; fileRef = 6BE12BF020F900BC008C7468 /* MemberTableViewCell.swift */; };
		6BE12BF320F900BC008C7468 /* MemberTableViewCell.xib in Resources */ = {isa = PBXBuildFile; fileRef = 6BE12BF120F900BC008C7468 /* MemberTableViewCell.xib */; };
/* End PBXBuildFile section */

/* Begin PBXFileReference section */
		6BE12BCE20F7A9CB008C7468 /* FeedMVVM.app */ = {isa = PBXFileReference; explicitFileType = wrapper.application; includeInIndex = 0; path = FeedMVVM.app; sourceTree = BUILT_PRODUCTS_DIR; };
		6BE12BD120F7A9CB008C7468 /* AppDelegate.swift */ = {isa = PBXFileReference; lastKnownFileType = sourcecode.swift; path = AppDelegate.swift; sourceTree = "<group>"; };
		6BE12BD620F7A9CB008C7468 /* Base */ = {isa = PBXFileReference; lastKnownFileType = file.storyboard; name = Base; path = Base.lproj/Main.storyboard; sourceTree = "<group>"; };
		6BE12BD820F7A9CB008C7468 /* Assets.xcassets */ = {isa = PBXFileReference; lastKnownFileType = folder.assetcatalog; path = Assets.xcassets; sourceTree = "<group>"; };
		6BE12BDB20F7A9CB008C7468 /* Base */ = {isa = PBXFileReference; lastKnownFileType = file.storyboard; name = Base; path = Base.lproj/LaunchScreen.storyboard; sourceTree = "<group>"; };
		6BE12BDD20F7A9CB008C7468 /* Info.plist */ = {isa = PBXFileReference; lastKnownFileType = text.plist.xml; path = Info.plist; sourceTree = "<group>"; };
		6BE12BE320F7AA37008C7468 /* FeedNewsListViewController.swift */ = {isa = PBXFileReference; lastKnownFileType = sourcecode.swift; path = FeedNewsListViewController.swift; sourceTree = "<group>"; };
		6BE12BE520F8EAE6008C7468 /* PhotoConfig.swift */ = {isa = PBXFileReference; lastKnownFileType = sourcecode.swift; path = PhotoConfig.swift; sourceTree = "<group>"; };
		6BE12BE720F8EE7A008C7468 /* FeedsTableViewCell.swift */ = {isa = PBXFileReference; lastKnownFileType = sourcecode.swift; path = FeedsTableViewCell.swift; sourceTree = "<group>"; };
		6BE12BE820F8EE7A008C7468 /* FeedsTableViewCell.xib */ = {isa = PBXFileReference; lastKnownFileType = file.xib; path = FeedsTableViewCell.xib; sourceTree = "<group>"; };
		6BE12BEC20F8FD44008C7468 /* Feed.swift */ = {isa = PBXFileReference; lastKnownFileType = sourcecode.swift; path = Feed.swift; sourceTree = "<group>"; };
		6BE12BEE20F8FDED008C7468 /* MemberConfig.swift */ = {isa = PBXFileReference; lastKnownFileType = sourcecode.swift; path = MemberConfig.swift; sourceTree = "<group>"; };
		6BE12BF020F900BC008C7468 /* MemberTableViewCell.swift */ = {isa = PBXFileReference; lastKnownFileType = sourcecode.swift; path = MemberTableViewCell.swift; sourceTree = "<group>"; };
		6BE12BF120F900BC008C7468 /* MemberTableViewCell.xib */ = {isa = PBXFileReference; lastKnownFileType = file.xib; path = MemberTableViewCell.xib; sourceTree = "<group>"; };
/* End PBXFileReference section */

/* Begin PBXFrameworksBuildPhase section */
		6BE12BCB20F7A9CB008C7468 /* Frameworks */ = {
			isa = PBXFrameworksBuildPhase;
			buildActionMask = 2147483647;
			files = (
			);
			runOnlyForDeploymentPostprocessing = 0;
		};
/* End PBXFrameworksBuildPhase section */

/* Begin PBXGroup section */
		6BE12BC520F7A9CB008C7468 = {
			isa = PBXGroup;
			children = (
				6BE12BD020F7A9CB008C7468 /* FeedMVVM */,
				6BE12BCF20F7A9CB008C7468 /* Products */,
			);
			sourceTree = "<group>";
		};
		6BE12BCF20F7A9CB008C7468 /* Products */ = {
			isa = PBXGroup;
			children = (
				6BE12BCE20F7A9CB008C7468 /* FeedMVVM.app */,
			);
			name = Products;
			sourceTree = "<group>";
		};
		6BE12BD020F7A9CB008C7468 /* FeedMVVM */ = {
			isa = PBXGroup;
			children = (
				6BE12BD120F7A9CB008C7468 /* AppDelegate.swift */,
				6BE12BE320F7AA37008C7468 /* FeedNewsListViewController.swift */,
				6BE12BF020F900BC008C7468 /* MemberTableViewCell.swift */,
				6BE12BF120F900BC008C7468 /* MemberTableViewCell.xib */,
				6BE12BE720F8EE7A008C7468 /* FeedsTableViewCell.swift */,
				6BE12BE820F8EE7A008C7468 /* FeedsTableViewCell.xib */,
				6BE12BEB20F8F749008C7468 /* Model */,
				6BE12BD520F7A9CB008C7468 /* Main.storyboard */,
				6BE12BD820F7A9CB008C7468 /* Assets.xcassets */,
				6BE12BDA20F7A9CB008C7468 /* LaunchScreen.storyboard */,
				6BE12BDD20F7A9CB008C7468 /* Info.plist */,
			);
			path = FeedMVVM;
			sourceTree = "<group>";
		};
		6BE12BEB20F8F749008C7468 /* Model */ = {
			isa = PBXGroup;
			children = (
				6BE12BE520F8EAE6008C7468 /* PhotoConfig.swift */,
				6BE12BEE20F8FDED008C7468 /* MemberConfig.swift */,
				6BE12BEC20F8FD44008C7468 /* Feed.swift */,
			);
			path = Model;
			sourceTree = "<group>";
		};
/* End PBXGroup section */

/* Begin PBXNativeTarget section */
		6BE12BCD20F7A9CB008C7468 /* FeedMVVM */ = {
			isa = PBXNativeTarget;
			buildConfigurationList = 6BE12BE020F7A9CB008C7468 /* Build configuration list for PBXNativeTarget "FeedMVVM" */;
			buildPhases = (
				6BE12BCA20F7A9CB008C7468 /* Sources */,
				6BE12BCB20F7A9CB008C7468 /* Frameworks */,
				6BE12BCC20F7A9CB008C7468 /* Resources */,
			);
			buildRules = (
			);
			dependencies = (
			);
			name = FeedMVVM;
			productName = FeedMVVM;
			productReference = 6BE12BCE20F7A9CB008C7468 /* FeedMVVM.app */;
			productType = "com.apple.product-type.application";
		};
/* End PBXNativeTarget section */

/* Begin PBXProject section */
		6BE12BC620F7A9CB008C7468 /* Project object */ = {
			isa = PBXProject;
			attributes = {
				LastSwiftUpdateCheck = 0900;
				LastUpgradeCheck = 0900;
				ORGANIZATIONNAME = youhsuan;
				TargetAttributes = {
					6BE12BCD20F7A9CB008C7468 = {
						CreatedOnToolsVersion = 9.0.1;
						ProvisioningStyle = Automatic;
					};
				};
			};
			buildConfigurationList = 6BE12BC920F7A9CB008C7468 /* Build configuration list for PBXProject "FeedMVVM" */;
			compatibilityVersion = "Xcode 8.0";
			developmentRegion = en;
			hasScannedForEncodings = 0;
			knownRegions = (
				en,
				Base,
			);
			mainGroup = 6BE12BC520F7A9CB008C7468;
			productRefGroup = 6BE12BCF20F7A9CB008C7468 /* Products */;
			projectDirPath = "";
			projectRoot = "";
			targets = (
				6BE12BCD20F7A9CB008C7468 /* FeedMVVM */,
			);
		};
/* End PBXProject section */

/* Begin PBXResourcesBuildPhase section */
		6BE12BCC20F7A9CB008C7468 /* Resources */ = {
			isa = PBXResourcesBuildPhase;
			buildActionMask = 2147483647;
			files = (
				6BE12BDC20F7A9CB008C7468 /* LaunchScreen.storyboard in Resources */,
				6BE12BEA20F8EE7A008C7468 /* FeedsTableViewCell.xib in Resources */,
				6BE12BD920F7A9CB008C7468 /* Assets.xcassets in Resources */,
				6BE12BD720F7A9CB008C7468 /* Main.storyboard in Resources */,
				6BE12BF320F900BC008C7468 /* MemberTableViewCell.xib in Resources */,
			);
			runOnlyForDeploymentPostprocessing = 0;
		};
/* End PBXResourcesBuildPhase section */

/* Begin PBXSourcesBuildPhase section */
		6BE12BCA20F7A9CB008C7468 /* Sources */ = {
			isa = PBXSourcesBuildPhase;
			buildActionMask = 2147483647;
			files = (
				6BE12BE420F7AA37008C7468 /* FeedNewsListViewController.swift in Sources */,
				6BE12BE920F8EE7A008C7468 /* FeedsTableViewCell.swift in Sources */,
				6BE12BED20F8FD44008C7468 /* Feed.swift in Sources */,
				6BE12BF220F900BC008C7468 /* MemberTableViewCell.swift in Sources */,
				6BE12BD220F7A9CB008C7468 /* AppDelegate.swift in Sources */,
				6BE12BE620F8EAE6008C7468 /* PhotoConfig.swift in Sources */,
				6BE12BEF20F8FDED008C7468 /* MemberConfig.swift in Sources */,
			);
			runOnlyForDeploymentPostprocessing = 0;
		};
/* End PBXSourcesBuildPhase section */

/* Begin PBXVariantGroup section */
		6BE12BD520F7A9CB008C7468 /* Main.storyboard */ = {
			isa = PBXVariantGroup;
			children = (
				6BE12BD620F7A9CB008C7468 /* Base */,
			);
			name = Main.storyboard;
			sourceTree = "<group>";
		};
		6BE12BDA20F7A9CB008C7468 /* LaunchScreen.storyboard */ = {
			isa = PBXVariantGroup;
			children = (
				6BE12BDB20F7A9CB008C7468 /* Base */,
			);
			name = LaunchScreen.storyboard;
			sourceTree = "<group>";
		};
/* End PBXVariantGroup section */

/* Begin XCBuildConfiguration section */
		6BE12BDE20F7A9CB008C7468 /* Debug */ = {
			isa = XCBuildConfiguration;
			buildSettings = {
				ALWAYS_SEARCH_USER_PATHS = NO;
				CLANG_ANALYZER_NONNULL = YES;
				CLANG_ANALYZER_NUMBER_OBJECT_CONVERSION = YES_AGGRESSIVE;
				CLANG_CXX_LANGUAGE_STANDARD = "gnu++14";
				CLANG_CXX_LIBRARY = "libc++";
				CLANG_ENABLE_MODULES = YES;
				CLANG_ENABLE_OBJC_ARC = YES;
				CLANG_WARN_BLOCK_CAPTURE_AUTORELEASING = YES;
				CLANG_WARN_BOOL_CONVERSION = YES;
				CLANG_WARN_COMMA = YES;
				CLANG_WARN_CONSTANT_CONVERSION = YES;
				CLANG_WARN_DIRECT_OBJC_ISA_USAGE = YES_ERROR;
				CLANG_WARN_DOCUMENTATION_COMMENTS = YES;
				CLANG_WARN_EMPTY_BODY = YES;
				CLANG_WARN_ENUM_CONVERSION = YES;
				CLANG_WARN_INFINITE_RECURSION = YES;
				CLANG_WARN_INT_CONVERSION = YES;
				CLANG_WARN_NON_LITERAL_NULL_CONVERSION = YES;
				CLANG_WARN_OBJC_LITERAL_CONVERSION = YES;
				CLANG_WARN_OBJC_ROOT_CLASS = YES_ERROR;
				CLANG_WARN_RANGE_LOOP_ANALYSIS = YES;
				CLANG_WARN_STRICT_PROTOTYPES = YES;
				CLANG_WARN_SUSPICIOUS_MOVE = YES;
				CLANG_WARN_UNGUARDED_AVAILABILITY = YES_AGGRESSIVE;
				CLANG_WARN_UNREACHABLE_CODE = YES;
				CLANG_WARN__DUPLICATE_METHOD_MATCH = YES;
				CODE_SIGN_IDENTITY = "iPhone Developer";
				COPY_PHASE_STRIP = NO;
				DEBUG_INFORMATION_FORMAT = dwarf;
				ENABLE_STRICT_OBJC_MSGSEND = YES;
				ENABLE_TESTABILITY = YES;
				GCC_C_LANGUAGE_STANDARD = gnu11;
				GCC_DYNAMIC_NO_PIC = NO;
				GCC_NO_COMMON_BLOCKS = YES;
				GCC_OPTIMIZATION_LEVEL = 0;
				GCC_PREPROCESSOR_DEFINITIONS = (
					"DEBUG=1",
					"$(inherited)",
				);
				GCC_WARN_64_TO_32_BIT_CONVERSION = YES;
				GCC_WARN_ABOUT_RETURN_TYPE = YES_ERROR;
				GCC_WARN_UNDECLARED_SELECTOR = YES;
				GCC_WARN_UNINITIALIZED_AUTOS = YES_AGGRESSIVE;
				GCC_WARN_UNUSED_FUNCTION = YES;
				GCC_WARN_UNUSED_VARIABLE = YES;
				IPHONEOS_DEPLOYMENT_TARGET = 11.0;
				MTL_ENABLE_DEBUG_INFO = YES;
				ONLY_ACTIVE_ARCH = YES;
				SDKROOT = iphoneos;
				SWIFT_ACTIVE_COMPILATION_CONDITIONS = DEBUG;
				SWIFT_OPTIMIZATION_LEVEL = "-Onone";
			};
			name = Debug;
		};
		6BE12BDF20F7A9CB008C7468 /* Release */ = {
			isa = XCBuildConfiguration;
			buildSettings = {
				ALWAYS_SEARCH_USER_PATHS = NO;
				CLANG_ANALYZER_NONNULL = YES;
				CLANG_ANALYZER_NUMBER_OBJECT_CONVERSION = YES_AGGRESSIVE;
				CLANG_CXX_LANGUAGE_STANDARD = "gnu++14";
				CLANG_CXX_LIBRARY = "libc++";
				CLANG_ENABLE_MODULES = YES;
				CLANG_ENABLE_OBJC_ARC = YES;
				CLANG_WARN_BLOCK_CAPTURE_AUTORELEASING = YES;
				CLANG_WARN_BOOL_CONVERSION = YES;
				CLANG_WARN_COMMA = YES;
				CLANG_WARN_CONSTANT_CONVERSION = YES;
				CLANG_WARN_DIRECT_OBJC_ISA_USAGE = YES_ERROR;
				CLANG_WARN_DOCUMENTATION_COMMENTS = YES;
				CLANG_WARN_EMPTY_BODY = YES;
				CLANG_WARN_ENUM_CONVERSION = YES;
				CLANG_WARN_INFINITE_RECURSION = YES;
				CLANG_WARN_INT_CONVERSION = YES;
				CLANG_WARN_NON_LITERAL_NULL_CONVERSION = YES;
				CLANG_WARN_OBJC_LITERAL_CONVERSION = YES;
				CLANG_WARN_OBJC_ROOT_CLASS = YES_ERROR;
				CLANG_WARN_RANGE_LOOP_ANALYSIS = YES;
				CLANG_WARN_STRICT_PROTOTYPES = YES;
				CLANG_WARN_SUSPICIOUS_MOVE = YES;
				CLANG_WARN_UNGUARDED_AVAILABILITY = YES_AGGRESSIVE;
				CLANG_WARN_UNREACHABLE_CODE = YES;
				CLANG_WARN__DUPLICATE_METHOD_MATCH = YES;
				CODE_SIGN_IDENTITY = "iPhone Developer";
				COPY_PHASE_STRIP = NO;
				DEBUG_INFORMATION_FORMAT = "dwarf-with-dsym";
				ENABLE_NS_ASSERTIONS = NO;
				ENABLE_STRICT_OBJC_MSGSEND = YES;
				GCC_C_LANGUAGE_STANDARD = gnu11;
				GCC_NO_COMMON_BLOCKS = YES;
				GCC_WARN_64_TO_32_BIT_CONVERSION = YES;
				GCC_WARN_ABOUT_RETURN_TYPE = YES_ERROR;
				GCC_WARN_UNDECLARED_SELECTOR = YES;
				GCC_WARN_UNINITIALIZED_AUTOS = YES_AGGRESSIVE;
				GCC_WARN_UNUSED_FUNCTION = YES;
				GCC_WARN_UNUSED_VARIABLE = YES;
				IPHONEOS_DEPLOYMENT_TARGET = 11.0;
				MTL_ENABLE_DEBUG_INFO = NO;
				SDKROOT = iphoneos;
				SWIFT_OPTIMIZATION_LEVEL = "-Owholemodule";
				VALIDATE_PRODUCT = YES;
			};
			name = Release;
		};
		6BE12BE120F7A9CB008C7468 /* Debug */ = {
			isa = XCBuildConfiguration;
			buildSettings = {
				ASSETCATALOG_COMPILER_APPICON_NAME = AppIcon;
				CODE_SIGN_STYLE = Automatic;
				INFOPLIST_FILE = FeedMVVM/Info.plist;
				LD_RUNPATH_SEARCH_PATHS = "$(inherited) @executable_path/Frameworks";
				PRODUCT_BUNDLE_IDENTIFIER = com.youhsuan.FeedMVVM;
				PRODUCT_NAME = "$(TARGET_NAME)";
				SWIFT_VERSION = 4.0;
				TARGETED_DEVICE_FAMILY = "1,2";
			};
			name = Debug;
		};
		6BE12BE220F7A9CB008C7468 /* Release */ = {
			isa = XCBuildConfiguration;
			buildSettings = {
				ASSETCATALOG_COMPILER_APPICON_NAME = AppIcon;
				CODE_SIGN_STYLE = Automatic;
				INFOPLIST_FILE = FeedMVVM/Info.plist;
				LD_RUNPATH_SEARCH_PATHS = "$(inherited) @executable_path/Frameworks";
				PRODUCT_BUNDLE_IDENTIFIER = com.youhsuan.FeedMVVM;
				PRODUCT_NAME = "$(TARGET_NAME)";
				SWIFT_VERSION = 4.0;
				TARGETED_DEVICE_FAMILY = "1,2";
			};
			name = Release;
		};
/* End XCBuildConfiguration section */

/* Begin XCConfigurationList section */
		6BE12BC920F7A9CB008C7468 /* Build configuration list for PBXProject "FeedMVVM" */ = {
			isa = XCConfigurationList;
			buildConfigurations = (
				6BE12BDE20F7A9CB008C7468 /* Debug */,
				6BE12BDF20F7A9CB008C7468 /* Release */,
			);
			defaultConfigurationIsVisible = 0;
			defaultConfigurationName = Release;
		};
		6BE12BE020F7A9CB008C7468 /* Build configuration list for PBXNativeTarget "FeedMVVM" */ = {
			isa = XCConfigurationList;
			buildConfigurations = (
				6BE12BE120F7A9CB008C7468 /* Debug */,
				6BE12BE220F7A9CB008C7468 /* Release */,
			);
			defaultConfigurationIsVisible = 0;
			defaultConfigurationName = Release;
		};
/* End XCConfigurationList section */
	};
	rootObject = 6BE12BC620F7A9CB008C7468 /* Project object */;
}
